
Microsoft Visual Studio Solution File, Format Version 12.00
# Visual Studio 15
VisualStudioVersion = 15.0.27703.1
MinimumVisualStudioVersion = 10.0.40219.1
Project("{9A19103F-16F7-4668-BE54-9A1E7A4F7556}") = "ReactiveXamarinForms", "ReactiveXamarinForms\ReactiveXamarinForms.csproj", "{60C094BD-792E-415B-A08C-A65CAF43ABD3}"
EndProject
Project("{FAE04EC0-301F-11D3-BF4B-00C04F79EFBC}") = "ReactiveXamarinForms.Android", "ReactiveXamarinForms.Android\ReactiveXamarinForms.Android.csproj", "{026117FB-E8DA-4A43-BF08-C2D3F3A4BEE9}"
EndProject
Project("{9A19103F-16F7-4668-BE54-9A1E7A4F7556}") = "ReactiveData", "..\..\src\ReactiveData\ReactiveData.csproj", "{104D6C05-1B76-42E7-BA4F-824D4F5CAB61}"
EndProject
Global
	GlobalSection(SolutionConfigurationPlatforms) = preSolution
		Debug|Any CPU = Debug|Any CPU
		Release|Any CPU = Release|Any CPU
	EndGlobalSection
	GlobalSection(ProjectConfigurationPlatforms) = postSolution
		{60C094BD-792E-415B-A08C-A65CAF43ABD3}.Debug|Any CPU.ActiveCfg = Debug|Any CPU
		{60C094BD-792E-415B-A08C-A65CAF43ABD3}.Debug|Any CPU.Build.0 = Debug|Any CPU
		{60C094BD-792E-415B-A08C-A65CAF43ABD3}.Release|Any CPU.ActiveCfg = Release|Any CPU
		{60C094BD-792E-415B-A08C-A65CAF43ABD3}.Release|Any CPU.Build.0 = Release|Any CPU
		{026117FB-E8DA-4A43-BF08-C2D3F3A4BEE9}.Debug|Any CPU.ActiveCfg = Debug|Any CPU
		{026117FB-E8DA-4A43-BF08-C2D3F3A4BEE9}.Debug|Any CPU.Build.0 = Debug|Any CPU
		{026117FB-E8DA-4A43-BF08-C2D3F3A4BEE9}.Debug|Any CPU.Deploy.0 = Debug|Any CPU
		{026117FB-E8DA-4A43-BF08-C2D3F3A4BEE9}.Release|Any CPU.ActiveCfg = Release|Any CPU
		{026117FB-E8DA-4A43-BF08-C2D3F3A4BEE9}.Release|Any CPU.Build.0 = Release|Any CPU
		{026117FB-E8DA-4A43-BF08-C2D3F3A4BEE9}.Release|Any CPU.Deploy.0 = Release|Any CPU
		{104D6C05-1B76-42E7-BA4F-824D4F5CAB61}.Debug|Any CPU.ActiveCfg = Debug|Any CPU
		{104D6C05-1B76-42E7-BA4F-824D4F5CAB61}.Debug|Any CPU.Build.0 = Debug|Any CPU
		{104D6C05-1B76-42E7-BA4F-824D4F5CAB61}.Release|Any CPU.ActiveCfg = Release|Any CPU
		{104D6C05-1B76-42E7-BA4F-824D4F5CAB61}.Release|Any CPU.Build.0 = Release|Any CPU
	EndGlobalSection
	GlobalSection(SolutionProperties) = preSolution
		HideSolutionNode = FALSE
	EndGlobalSection
	GlobalSection(ExtensibilityGlobals) = postSolution
		SolutionGuid = {968E366E-7678-4379-8364-9EDB527E8D11}
	EndGlobalSection
EndGlobal
