
Microsoft Visual Studio Solution File, Format Version 12.00
# Visual Studio 15
VisualStudioVersion = 15.0.28307.106
MinimumVisualStudioVersion = 10.0.40219.1
Project("{9A19103F-16F7-4668-BE54-9A1E7A4F7556}") = "ReactiveData", "src\ReactiveData\ReactiveData.csproj", "{A5FC6E51-CD6E-449F-912C-4E59ED3FE377}"
EndProject
Global
	GlobalSection(SolutionConfigurationPlatforms) = preSolution
		Debug|Any CPU = Debug|Any CPU
		Release|Any CPU = Release|Any CPU
	EndGlobalSection
	GlobalSection(ProjectConfigurationPlatforms) = postSolution
		{A5FC6E51-CD6E-449F-912C-4E59ED3FE377}.Debug|Any CPU.ActiveCfg = Debug|Any CPU
		{A5FC6E51-CD6E-449F-912C-4E59ED3FE377}.Debug|Any CPU.Build.0 = Debug|Any CPU
		{A5FC6E51-CD6E-449F-912C-4E59ED3FE377}.Release|Any CPU.ActiveCfg = Release|Any CPU
		{A5FC6E51-CD6E-449F-912C-4E59ED3FE377}.Release|Any CPU.Build.0 = Release|Any CPU
	EndGlobalSection
	GlobalSection(SolutionProperties) = preSolution
		HideSolutionNode = FALSE
	EndGlobalSection
	GlobalSection(ExtensibilityGlobals) = postSolution
		SolutionGuid = {6BFBBE4E-59DB-45A4-95D8-5829C1387414}
	EndGlobalSection
EndGlobal
